# THIS IS AN AUTOGENERATED FILE. DO NOT EDIT THIS FILE DIRECTLY.
# yarn lockfile v1


"@esbuild/linux-x64@0.18.20":
  "integrity" "sha512-UYqiqemphJcNsFEskc73jQ7B9jgwjWrSayxawS6UVFZGWrAAtkzjxSqnoclCXxWtfwLdzU+vTpcNYhpn43uP1w=="
  "resolved" "https://registry.npmjs.org/@esbuild/linux-x64/-/linux-x64-0.18.20.tgz"
  "version" "0.18.20"

"@lit-labs/ssr-dom-shim@^1.0.0", "@lit-labs/ssr-dom-shim@^1.1.0":
  "integrity" "sha512-jnOD+/+dSrfTWYfSXBXlo5l5f0q1UuJo3tkbMDCYA2lKUYq79jaxqtGEvnRoh049nt1vdo1+45RinipU6FGY2g=="
  "resolved" "https://registry.npmjs.org/@lit-labs/ssr-dom-shim/-/ssr-dom-shim-1.1.2.tgz"
  "version" "1.1.2"

"@lit/reactive-element@^1.3.0", "@lit/reactive-element@^1.6.0":
  "integrity" "sha512-QuTgnG52Poic7uM1AN5yJ09QMe0O28e10XzSvWDz02TJiiKee4stsiownEIadWm8nYzyDAyT+gKzUoZmiWQtsQ=="
  "resolved" "https://registry.npmjs.org/@lit/reactive-element/-/reactive-element-1.6.3.tgz"
  "version" "1.6.3"
  dependencies:
    "@lit-labs/ssr-dom-shim" "^1.0.0"

"@types/trusted-types@^2.0.2":
  "integrity" "sha512-I3pkr8j/6tmQtKV/ZzHtuaqYSQvyjGRKH4go60Rr0IDLlFxuRT5V32uvB1mecM5G1EVAUyF/4r4QZ1GHgz+mxA=="
  "resolved" "https://registry.npmjs.org/@types/trusted-types/-/trusted-types-2.0.5.tgz"
  "version" "2.0.5"

"bcp-47-match@^1.0.0", "bcp-47-match@^1.0.3":
  "integrity" "sha512-LggQ4YTdjWQSKELZF5JwchnBa1u0pIQSZf5lSdOHEdbVP55h0qICA/FUp3+W99q0xqxYa1ZQizTUH87gecII5w=="
  "resolved" "https://registry.npmjs.org/bcp-47-match/-/bcp-47-match-1.0.3.tgz"
  "version" "1.0.3"

"bcp-47-normalize@^1.1.1":
  "integrity" "sha512-jWZ1Jdu3cs0EZdfCkS0UE9Gg01PtxnChjEBySeB+Zo6nkqtFfnvtoQQgP1qU1Oo4qgJgxhTI6Sf9y/pZIhPs0A=="
  "resolved" "https://registry.npmjs.org/bcp-47-normalize/-/bcp-47-normalize-1.1.1.tgz"
  "version" "1.1.1"
  dependencies:
    "bcp-47" "^1.0.0"
    "bcp-47-match" "^1.0.0"

"bcp-47@^1.0.0":
  "integrity" "sha512-Y9y1QNBBtYtv7hcmoX0tR+tUNSFZGZ6OL6vKPObq8BbOhkCoyayF6ogfLTgAli/KuAEbsYHYUNq2AQuY6IuLag=="
  "resolved" "https://registry.npmjs.org/bcp-47/-/bcp-47-1.0.8.tgz"
  "version" "1.0.8"
  dependencies:
    "is-alphabetical" "^1.0.0"
    "is-alphanumerical" "^1.0.0"
    "is-decimal" "^1.0.0"

"codem-isoboxer@0.3.9":
  "integrity" "sha512-4XOTqEzBWrGOZaMd+sTED2hLpzfBbiQCf1W6OBGkIHqk1D8uwy8WFLazVbdQwfDpQ+vf39lqTGPa9IhWW0roTA=="
  "resolved" "https://registry.npmjs.org/codem-isoboxer/-/codem-isoboxer-0.3.9.tgz"
  "version" "0.3.9"

"dashjs@^4.5.2":
  "integrity" "sha512-DSoSEK3Mvbw+u8Sf6xQW0f86dnC7Vn9CIk5oXeHr4zsJ6TiJK81/q3nNsGm2C9q9y9S0du+aR+AkKM04Bdt5BQ=="
  "resolved" "https://registry.npmjs.org/dashjs/-/dashjs-4.7.2.tgz"
  "version" "4.7.2"
  dependencies:
    "bcp-47-match" "^1.0.3"
    "bcp-47-normalize" "^1.1.1"
    "codem-isoboxer" "0.3.9"
    "es6-promise" "^4.2.8"
    "fast-deep-equal" "2.0.1"
    "html-entities" "^1.2.1"
    "imsc" "^1.1.3"
    "localforage" "^1.7.1"
    "path-browserify" "^1.0.1"
    "ua-parser-js" "^1.0.2"

"dom-walk@^0.1.0":
  "integrity" "sha512-6QvTW9mrGeIegrFXdtQi9pk7O/nSK6lSdXW2eqUspN5LWD7UTji2Fqw5V2YLjBpHEoU9Xl/eUWNpDeZvoyOv2w=="
  "resolved" "https://registry.npmjs.org/dom-walk/-/dom-walk-0.1.2.tgz"
  "version" "0.1.2"

"es6-promise@^4.2.8":
  "integrity" "sha512-HJDGx5daxeIvxdBxvG2cb9g4tEvwIk3i8+nhX0yGrYmZUzbkdg8QbDevheDB8gd0//uPj4c1EQua8Q+MViT0/w=="
  "resolved" "https://registry.npmjs.org/es6-promise/-/es6-promise-4.2.8.tgz"
  "version" "4.2.8"

"esbuild@^0.18.10":
  "integrity" "sha512-ceqxoedUrcayh7Y7ZX6NdbbDzGROiyVBgC4PriJThBKSVPWnnFHZAkfI1lJT8QFkOwH4qOS2SJkS4wvpGl8BpA=="
  "resolved" "https://registry.npmjs.org/esbuild/-/esbuild-0.18.20.tgz"
  "version" "0.18.20"
  optionalDependencies:
    "@esbuild/android-arm" "0.18.20"
    "@esbuild/android-arm64" "0.18.20"
    "@esbuild/android-x64" "0.18.20"
    "@esbuild/darwin-arm64" "0.18.20"
    "@esbuild/darwin-x64" "0.18.20"
    "@esbuild/freebsd-arm64" "0.18.20"
    "@esbuild/freebsd-x64" "0.18.20"
    "@esbuild/linux-arm" "0.18.20"
    "@esbuild/linux-arm64" "0.18.20"
    "@esbuild/linux-ia32" "0.18.20"
    "@esbuild/linux-loong64" "0.18.20"
    "@esbuild/linux-mips64el" "0.18.20"
    "@esbuild/linux-ppc64" "0.18.20"
    "@esbuild/linux-riscv64" "0.18.20"
    "@esbuild/linux-s390x" "0.18.20"
    "@esbuild/linux-x64" "0.18.20"
    "@esbuild/netbsd-x64" "0.18.20"
    "@esbuild/openbsd-x64" "0.18.20"
    "@esbuild/sunos-x64" "0.18.20"
    "@esbuild/win32-arm64" "0.18.20"
    "@esbuild/win32-ia32" "0.18.20"
    "@esbuild/win32-x64" "0.18.20"

"fast-deep-equal@2.0.1":
  "integrity" "sha512-bCK/2Z4zLidyB4ReuIsvALH6w31YfAQDmXMqMx6FyfHqvBxtjC0eRumeSu4Bs3XtXwpyIywtSTrVT99BxY1f9w=="
  "resolved" "https://registry.npmjs.org/fast-deep-equal/-/fast-deep-equal-2.0.1.tgz"
  "version" "2.0.1"

"fluid-player@^3.27.0":
  "integrity" "sha512-pYQeWnDQ6mXk7n6EFfjjvS1nZFvT0HYgWSoQm+RLvHqwqmS76pZIvFFEYWE7wVmjR4Z1YbDIwbfVlJISgbpcKg=="
  "resolved" "https://registry.npmjs.org/fluid-player/-/fluid-player-3.27.0.tgz"
  "version" "3.27.0"
  dependencies:
    "dashjs" "^4.5.2"
    "es6-promise" "^4.2.8"
    "hls.js" "^1.3.2"
    "panolens" "^0.12.1"
    "videojs-vtt.js" "^0.15.4"

"global@^4.3.1":
  "integrity" "sha512-wv/LAoHdRE3BeTGz53FAamhGlPLhlssK45usmGFThIi4XqnBmjKQ16u+RNbP7WvigRZDxUsM0J3gcQ5yicaL0w=="
  "resolved" "https://registry.npmjs.org/global/-/global-4.4.0.tgz"
  "version" "4.4.0"
  dependencies:
    "min-document" "^2.19.0"
    "process" "^0.11.10"

"hls.js@^1.3.2":
  "integrity" "sha512-1RBpx2VihibzE3WE9kGoVCtrhhDWTzydzElk/kyRbEOLnb1WIE+3ZabM/L8BqKFTCL3pUy4QzhXgD1Q6Igr1JA=="
  "resolved" "https://registry.npmjs.org/hls.js/-/hls.js-1.4.12.tgz"
  "version" "1.4.12"

"html-entities@^1.2.1":
  "integrity" "sha512-8nxjcBcd8wovbeKx7h3wTji4e6+rhaVuPNpMqwWgnHh+N9ToqsCs6XztWRBPQ+UtzsoMAdKZtUENoVzU/EMtZA=="
  "resolved" "https://registry.npmjs.org/html-entities/-/html-entities-1.4.0.tgz"
  "version" "1.4.0"

"immediate@~3.0.5":
  "integrity" "sha512-XXOFtyqDjNDAQxVfYxuF7g9Il/IbWmmlQg2MYKOH8ExIT1qg6xc4zyS3HaEEATgs1btfzxq15ciUiY7gjSXRGQ=="
  "resolved" "https://registry.npmjs.org/immediate/-/immediate-3.0.6.tgz"
  "version" "3.0.6"

"imsc@^1.1.3":
  "integrity" "sha512-IY0hMkVTNoqoYwKEp5UvNNKp/A5jeJUOrIO7judgOyhHT+xC6PA4VBOMAOhdtAYbMRHx9DTgI8p6Z6jhYQPFDA=="
  "resolved" "https://registry.npmjs.org/imsc/-/imsc-1.1.3.tgz"
  "version" "1.1.3"
  dependencies:
    "sax" "1.2.1"

"is-alphabetical@^1.0.0":
  "integrity" "sha512-DwzsA04LQ10FHTZuL0/grVDk4rFoVH1pjAToYwBrHSxcrBIGQuXrQMtD5U1b0U2XVgKZCTLLP8u2Qxqhy3l2Vg=="
  "resolved" "https://registry.npmjs.org/is-alphabetical/-/is-alphabetical-1.0.4.tgz"
  "version" "1.0.4"

"is-alphanumerical@^1.0.0":
  "integrity" "sha512-UzoZUr+XfVz3t3v4KyGEniVL9BDRoQtY7tOyrRybkVNjDFWyo1yhXNGrrBTQxp3ib9BLAWs7k2YKBQsFRkZG9A=="
  "resolved" "https://registry.npmjs.org/is-alphanumerical/-/is-alphanumerical-1.0.4.tgz"
  "version" "1.0.4"
  dependencies:
    "is-alphabetical" "^1.0.0"
    "is-decimal" "^1.0.0"

"is-decimal@^1.0.0":
  "integrity" "sha512-RGdriMmQQvZ2aqaQq3awNA6dCGtKpiDFcOzrTWrDAT2MiWrKQVPmxLGHl7Y2nNu6led0kEyoX0enY0qXYsv9zw=="
  "resolved" "https://registry.npmjs.org/is-decimal/-/is-decimal-1.0.4.tgz"
  "version" "1.0.4"

"lie@3.1.1":
  "integrity" "sha512-RiNhHysUjhrDQntfYSfY4MU24coXXdEOgw9WGcKHNeEwffDYbF//u87M1EWaMGzuFoSbqW0C9C6lEEhDOAswfw=="
  "resolved" "https://registry.npmjs.org/lie/-/lie-3.1.1.tgz"
  "version" "3.1.1"
  dependencies:
    "immediate" "~3.0.5"

"lit-element@^3.3.0":
  "integrity" "sha512-XbeRxmTHubXENkV4h8RIPyr8lXc+Ff28rkcQzw3G6up2xg5E8Zu1IgOWIwBLEQsu3cOVFqdYwiVi0hv0SlpqUA=="
  "resolved" "https://registry.npmjs.org/lit-element/-/lit-element-3.3.3.tgz"
  "version" "3.3.3"
  dependencies:
    "@lit-labs/ssr-dom-shim" "^1.1.0"
    "@lit/reactive-element" "^1.3.0"
    "lit-html" "^2.8.0"

"lit-html@^2.8.0":
  "integrity" "sha512-o9t+MQM3P4y7M7yNzqAyjp7z+mQGa4NS4CxiyLqFPyFWyc4O+nodLrkrxSaCTrla6M5YOLaT3RpbbqjszB5g3Q=="
  "resolved" "https://registry.npmjs.org/lit-html/-/lit-html-2.8.0.tgz"
  "version" "2.8.0"
  dependencies:
    "@types/trusted-types" "^2.0.2"

"lit@^2.7.6":
  "integrity" "sha512-4Sc3OFX9QHOJaHbmTMk28SYgVxLN3ePDjg7hofEft2zWlehFL3LiAuapWc4U/kYwMYJSh2hTCPZ6/LIC7ii0MA=="
  "resolved" "https://registry.npmjs.org/lit/-/lit-2.8.0.tgz"
  "version" "2.8.0"
  dependencies:
    "@lit/reactive-element" "^1.6.0"
    "lit-element" "^3.3.0"
    "lit-html" "^2.8.0"

"localforage@^1.7.1":
  "integrity" "sha512-14/H1aX7hzBBmmh7sGPd+AOMkkIrHM3Z1PAyGgZigA1H1p5O5ANnMyWzvpAETtG68/dC4pC0ncy3+PPGzXZHPg=="
  "resolved" "https://registry.npmjs.org/localforage/-/localforage-1.10.0.tgz"
  "version" "1.10.0"
  dependencies:
    "lie" "3.1.1"

"min-document@^2.19.0":
  "integrity" "sha512-9Wy1B3m3f66bPPmU5hdA4DR4PB2OfDU/+GS3yAB7IQozE3tqXaVv2zOjgla7MEGSRv95+ILmOuvhLkOK6wJtCQ=="
  "resolved" "https://registry.npmjs.org/min-document/-/min-document-2.19.0.tgz"
  "version" "2.19.0"
  dependencies:
    "dom-walk" "^0.1.0"

"nanoid@^3.3.6":
  "integrity" "sha512-BGcqMMJuToF7i1rt+2PWSNVnWIkGCU78jBG3RxO/bZlnZPK2Cmi2QaffxGO/2RvWi9sL+FAiRiXMgsyxQ1DIDA=="
  "resolved" "https://registry.npmjs.org/nanoid/-/nanoid-3.3.6.tgz"
  "version" "3.3.6"

"panolens@^0.12.1":
  "integrity" "sha512-2hpjm+rRnDdaLD5Bak49K0Y9/X6vOr1OcyJx5piSA6sCOs1tsgchMgKIwpSGCMpBMHWZ10E/Cz4BIwyXYebt5g=="
  "resolved" "https://registry.npmjs.org/panolens/-/panolens-0.12.1.tgz"
  "version" "0.12.1"
  dependencies:
    "three" "^0.105.2"

"path-browserify@^1.0.1":
  "integrity" "sha512-b7uo2UCUOYZcnF/3ID0lulOJi/bafxa1xPe7ZPsammBSpjSWQkjNxlt635YGS2MiR9GjvuXCtz2emr3jbsz98g=="
  "resolved" "https://registry.npmjs.org/path-browserify/-/path-browserify-1.0.1.tgz"
  "version" "1.0.1"

"picocolors@^1.0.0":
  "integrity" "sha512-1fygroTLlHu66zi26VoTDv8yRgm0Fccecssto+MhsZ0D/DGW2sm8E8AjW7NU5VVTRt5GxbeZ5qBuJr+HyLYkjQ=="
  "resolved" "https://registry.npmjs.org/picocolors/-/picocolors-1.0.0.tgz"
  "version" "1.0.0"

"postcss@^8.4.27":
  "integrity" "sha512-PS08Iboia9mts/2ygV3eLpY5ghnUcfLV/EXTOW1E2qYxJKGGBUtNjN76FYHnMs36RmARn41bC0AZmn+rR0OVpQ=="
  "resolved" "https://registry.npmjs.org/postcss/-/postcss-8.4.31.tgz"
  "version" "8.4.31"
  dependencies:
    "nanoid" "^3.3.6"
    "picocolors" "^1.0.0"
    "source-map-js" "^1.0.2"

"process@^0.11.10":
  "integrity" "sha512-cdGef/drWFoydD1JsMzuFf8100nZl+GT+yacc2bEced5f9Rjk4z+WtFUTBu9PhOi9j/jfmBPu0mMEY4wIdAF8A=="
  "resolved" "https://registry.npmjs.org/process/-/process-0.11.10.tgz"
  "version" "0.11.10"

"rollup@^3.27.1":
  "integrity" "sha512-oWzmBZwvYrU0iJHtDmhsm662rC15FRXmcjCk1xD771dFDx5jJ02ufAQQTn0etB2emNk4J9EZg/yWKpsn9BWGRw=="
  "resolved" "https://registry.npmjs.org/rollup/-/rollup-3.29.4.tgz"
  "version" "3.29.4"
  optionalDependencies:
    "fsevents" "~2.3.2"

"sax@1.2.1":
  "integrity" "sha512-8I2a3LovHTOpm7NV5yOyO8IHqgVsfK4+UuySrXU8YXkSRX7k6hCV9b3HrkKCr3nMpgj+0bmocaJJWpvp1oc7ZA=="
  "resolved" "https://registry.npmjs.org/sax/-/sax-1.2.1.tgz"
  "version" "1.2.1"

"source-map-js@^1.0.2":
  "integrity" "sha512-R0XvVJ9WusLiqTCEiGCmICCMplcCkIwwR11mOSD9CR5u+IXYdiseeEuXCVAjS54zqwkLcPNnmU4OeJ6tUrWhDw=="
  "resolved" "https://registry.npmjs.org/source-map-js/-/source-map-js-1.0.2.tgz"
  "version" "1.0.2"

"three@^0.105.2":
  "integrity" "sha512-L3Al37k4g3hVbgFFS251UVtIc25chhyN0/RvXzR0C+uIBToV6EKDG+MZzEXm9L2miGUVMK27W46/VkP6WUZXMg=="
  "resolved" "https://registry.npmjs.org/three/-/three-0.105.2.tgz"
  "version" "0.105.2"

"typescript@^5.0.2":
  "integrity" "sha512-mI4WrpHsbCIcwT9cF4FZvr80QUeKvsUsUvKDoR+X/7XHQH98xYD8YHZg7ANtz2GtZt/CBq2QJ0thkGJMHfqc1w=="
  "resolved" "https://registry.npmjs.org/typescript/-/typescript-5.2.2.tgz"
  "version" "5.2.2"

"ua-parser-js@^1.0.2":
  "integrity" "sha512-bhTyI94tZofjo+Dn8SN6Zv8nBDvyXTymAdM3LDI/0IboIUwTu1rEhW7v2TfiVsoYWgkQ4kOVqnI8APUFbIQIFQ=="
  "resolved" "https://registry.npmjs.org/ua-parser-js/-/ua-parser-js-1.0.37.tgz"
  "version" "1.0.37"

"videojs-vtt.js@^0.15.4":
  "integrity" "sha512-yZbBxvA7QMYn15Lr/ZfhhLPrNpI/RmCSCqgIff57GC2gIrV5YfyzLfLyZMj0NnZSAz8syB4N0nHXpZg9MyrMOQ=="
  "resolved" "https://registry.npmjs.org/videojs-vtt.js/-/videojs-vtt.js-0.15.5.tgz"
  "version" "0.15.5"
  dependencies:
    "global" "^4.3.1"

"vite@^4.4.5":
  "integrity" "sha512-ulr8rNLA6rkyFAlVWw2q5YJ91v098AFQ2R0PRFwPzREXOUJQPtFUG0t+/ZikhaOCDqFoDhN6/v8Sq0o4araFAw=="
  "resolved" "https://registry.npmjs.org/vite/-/vite-4.5.0.tgz"
  "version" "4.5.0"
  dependencies:
    "esbuild" "^0.18.10"
    "postcss" "^8.4.27"
    "rollup" "^3.27.1"
  optionalDependencies:
    "fsevents" "~2.3.2"
